
Microsoft Visual Studio Solution File, Format Version 12.00
# Visual Studio Version 17
VisualStudioVersion = 17.14.36518.9
MinimumVisualStudioVersion = 10.0.40219.1
Project("{FAE04EC0-301F-11D3-BF4B-00C04F79EFBC}") = "ClnFerreteria", "ClnFerreteria\ClnFerreteria.csproj", "{35278DC1-4921-4B67-A47E-0B45F3AA941E}"
EndProject
Project("{FAE04EC0-301F-11D3-BF4B-00C04F79EFBC}") = "CadFerreteria", "CadFerreteria\CadFerreteria.csproj", "{CEA7D682-8B22-406D-BD68-C5D0B81B81EE}"
EndProject
Project("{FAE04EC0-301F-11D3-BF4B-00C04F79EFBC}") = "CpFerreteria", "CpFerreteria\CpFerreteria\CpFerreteria.csproj", "{934867F6-2CB5-4399-9C87-7FDB524D6F84}"
EndProject
Global
	GlobalSection(SolutionConfigurationPlatforms) = preSolution
		Debug|Any CPU = Debug|Any CPU
		Release|Any CPU = Release|Any CPU
	EndGlobalSection
	GlobalSection(ProjectConfigurationPlatforms) = postSolution
		{35278DC1-4921-4B67-A47E-0B45F3AA941E}.Debug|Any CPU.ActiveCfg = Debug|Any CPU
		{35278DC1-4921-4B67-A47E-0B45F3AA941E}.Release|Any CPU.ActiveCfg = Release|Any CPU
		{CEA7D682-8B22-406D-BD68-C5D0B81B81EE}.Debug|Any CPU.ActiveCfg = Debug|Any CPU
		{CEA7D682-8B22-406D-BD68-C5D0B81B81EE}.Release|Any CPU.ActiveCfg = Release|Any CPU
		{934867F6-2CB5-4399-9C87-7FDB524D6F84}.Debug|Any CPU.ActiveCfg = Debug|Any CPU
		{934867F6-2CB5-4399-9C87-7FDB524D6F84}.Debug|Any CPU.Build.0 = Debug|Any CPU
		{934867F6-2CB5-4399-9C87-7FDB524D6F84}.Release|Any CPU.ActiveCfg = Release|Any CPU
		{934867F6-2CB5-4399-9C87-7FDB524D6F84}.Release|Any CPU.Build.0 = Release|Any CPU
	EndGlobalSection
	GlobalSection(SolutionProperties) = preSolution
		HideSolutionNode = FALSE
	EndGlobalSection
	GlobalSection(ExtensibilityGlobals) = postSolution
		SolutionGuid = {A34A5180-B7C6-4AAC-BF95-89510C346AE1}
	EndGlobalSection
EndGlobal
